
Microsoft Visual Studio Solution File, Format Version 12.00
# Visual Studio Version 16
VisualStudioVersion = 16.0.30611.23
MinimumVisualStudioVersion = 10.0.40219.1
Project("{FAE04EC0-301F-11D3-BF4B-00C04F79EFBC}") = "PRIMERA RED NEURONAL", "PRIMERA RED NEURONAL\PRIMERA RED NEURONAL.csproj", "{A9CA9C67-2A72-467D-8AE2-ED0441D15685}"
EndProject
Global
	GlobalSection(SolutionConfigurationPlatforms) = preSolution
		Debug|Any CPU = Debug|Any CPU
		Release|Any CPU = Release|Any CPU
	EndGlobalSection
	GlobalSection(ProjectConfigurationPlatforms) = postSolution
		{A9CA9C67-2A72-467D-8AE2-ED0441D15685}.Debug|Any CPU.ActiveCfg = Debug|Any CPU
		{A9CA9C67-2A72-467D-8AE2-ED0441D15685}.Debug|Any CPU.Build.0 = Debug|Any CPU
		{A9CA9C67-2A72-467D-8AE2-ED0441D15685}.Release|Any CPU.ActiveCfg = Release|Any CPU
		{A9CA9C67-2A72-467D-8AE2-ED0441D15685}.Release|Any CPU.Build.0 = Release|Any CPU
	EndGlobalSection
	GlobalSection(SolutionProperties) = preSolution
		HideSolutionNode = FALSE
	EndGlobalSection
	GlobalSection(ExtensibilityGlobals) = postSolution
		SolutionGuid = {010E4DAD-1FFA-4C8E-B053-2BBBAE32A345}
	EndGlobalSection
EndGlobal
